
Microsoft Visual Studio Solution File, Format Version 12.00
# Visual Studio Version 16
VisualStudioVersion = 16.0.30413.136
MinimumVisualStudioVersion = 10.0.40219.1
Project("{FAE04EC0-301F-11D3-BF4B-00C04F79EFBC}") = "Tools.CSVParser", "Tools.CSVParser\Tools.CSVParser.csproj", "{DCBB57F0-1E65-43C1-BC51-756B0A33FC26}"
EndProject
Project("{FAE04EC0-301F-11D3-BF4B-00C04F79EFBC}") = "Tools.CSVParser.NUnitTests", "Tools.CSVParser.NUnitTests\Tools.CSVParser.NUnitTests.csproj", "{BE8B8401-FCD9-486C-9028-1B3F317453D0}"
EndProject
Global
	GlobalSection(SolutionConfigurationPlatforms) = preSolution
		Debug|Any CPU = Debug|Any CPU
		Release|Any CPU = Release|Any CPU
	EndGlobalSection
	GlobalSection(ProjectConfigurationPlatforms) = postSolution
		{DCBB57F0-1E65-43C1-BC51-756B0A33FC26}.Debug|Any CPU.ActiveCfg = Debug|Any CPU
		{DCBB57F0-1E65-43C1-BC51-756B0A33FC26}.Debug|Any CPU.Build.0 = Debug|Any CPU
		{DCBB57F0-1E65-43C1-BC51-756B0A33FC26}.Release|Any CPU.ActiveCfg = Release|Any CPU
		{DCBB57F0-1E65-43C1-BC51-756B0A33FC26}.Release|Any CPU.Build.0 = Release|Any CPU
		{BE8B8401-FCD9-486C-9028-1B3F317453D0}.Debug|Any CPU.ActiveCfg = Debug|Any CPU
		{BE8B8401-FCD9-486C-9028-1B3F317453D0}.Debug|Any CPU.Build.0 = Debug|Any CPU
		{BE8B8401-FCD9-486C-9028-1B3F317453D0}.Release|Any CPU.ActiveCfg = Release|Any CPU
		{BE8B8401-FCD9-486C-9028-1B3F317453D0}.Release|Any CPU.Build.0 = Release|Any CPU
	EndGlobalSection
	GlobalSection(SolutionProperties) = preSolution
		HideSolutionNode = FALSE
	EndGlobalSection
	GlobalSection(ExtensibilityGlobals) = postSolution
		SolutionGuid = {43AB0482-FE67-4744-AFF7-F377C6E4261F}
	EndGlobalSection
EndGlobal
